
Microsoft Visual Studio Solution File, Format Version 12.00
# Visual Studio Version 17
VisualStudioVersion = 17.0.32112.339
MinimumVisualStudioVersion = 10.0.40219.1
Project("{FAE04EC0-301F-11D3-BF4B-00C04F79EFBC}") = "Backend", "Backend\Backend.csproj", "{859C0FC9-EEC7-4EB3-8CF7-6B9B94FE6DD1}"
EndProject
Project("{FAE04EC0-301F-11D3-BF4B-00C04F79EFBC}") = "Backend.Data", "Backend.Data\Backend.Data.csproj", "{770EA2F0-F7EB-4D65-82B9-4933D46856F6}"
EndProject
Project("{FAE04EC0-301F-11D3-BF4B-00C04F79EFBC}") = "Backend.BusinessLogic", "Backend.BusinessLogic\Backend.BusinessLogic.csproj", "{5F305CF1-B852-4CE9-8F2F-160A541A03CF}"
EndProject
Global
	GlobalSection(SolutionConfigurationPlatforms) = preSolution
		Debug|Any CPU = Debug|Any CPU
		Release|Any CPU = Release|Any CPU
	EndGlobalSection
	GlobalSection(ProjectConfigurationPlatforms) = postSolution
		{859C0FC9-EEC7-4EB3-8CF7-6B9B94FE6DD1}.Debug|Any CPU.ActiveCfg = Debug|Any CPU
		{859C0FC9-EEC7-4EB3-8CF7-6B9B94FE6DD1}.Debug|Any CPU.Build.0 = Debug|Any CPU
		{859C0FC9-EEC7-4EB3-8CF7-6B9B94FE6DD1}.Release|Any CPU.ActiveCfg = Release|Any CPU
		{859C0FC9-EEC7-4EB3-8CF7-6B9B94FE6DD1}.Release|Any CPU.Build.0 = Release|Any CPU
		{770EA2F0-F7EB-4D65-82B9-4933D46856F6}.Debug|Any CPU.ActiveCfg = Debug|Any CPU
		{770EA2F0-F7EB-4D65-82B9-4933D46856F6}.Debug|Any CPU.Build.0 = Debug|Any CPU
		{770EA2F0-F7EB-4D65-82B9-4933D46856F6}.Release|Any CPU.ActiveCfg = Release|Any CPU
		{770EA2F0-F7EB-4D65-82B9-4933D46856F6}.Release|Any CPU.Build.0 = Release|Any CPU
		{5F305CF1-B852-4CE9-8F2F-160A541A03CF}.Debug|Any CPU.ActiveCfg = Debug|Any CPU
		{5F305CF1-B852-4CE9-8F2F-160A541A03CF}.Debug|Any CPU.Build.0 = Debug|Any CPU
		{5F305CF1-B852-4CE9-8F2F-160A541A03CF}.Release|Any CPU.ActiveCfg = Release|Any CPU
		{5F305CF1-B852-4CE9-8F2F-160A541A03CF}.Release|Any CPU.Build.0 = Release|Any CPU
	EndGlobalSection
	GlobalSection(SolutionProperties) = preSolution
		HideSolutionNode = FALSE
	EndGlobalSection
	GlobalSection(ExtensibilityGlobals) = postSolution
		SolutionGuid = {6C4A5E04-045D-4011-9927-764512C5ADFD}
	EndGlobalSection
EndGlobal
